// !$*UTF8*$!
{
	archiveVersion = 1;
	classes = {
	};
	objectVersion = 50;
	objects = {

/* Begin PBXBuildFile section */
		B90DF5AA260430B000D171FE /* NearMeApp.swift in Sources */ = {isa = PBXBuildFile; fileRef = B90DF5A9260430B000D171FE /* NearMeApp.swift */; };
		B90DF5AC260430B000D171FE /* ContentView.swift in Sources */ = {isa = PBXBuildFile; fileRef = B90DF5AB260430B000D171FE /* ContentView.swift */; };
		B90DF5AE260430B200D171FE /* Assets.xcassets in Resources */ = {isa = PBXBuildFile; fileRef = B90DF5AD260430B200D171FE /* Assets.xcassets */; };
		B90DF5B1260430B200D171FE /* Preview Assets.xcassets in Resources */ = {isa = PBXBuildFile; fileRef = B90DF5B0260430B200D171FE /* Preview Assets.xcassets */; };
		B90DF5BC260430E400D171FE /* MapView.swift in Sources */ = {isa = PBXBuildFile; fileRef = B90DF5BB260430E400D171FE /* MapView.swift */; };
		B90DF5C4260432C300D171FE /* LocationManager.swift in Sources */ = {isa = PBXBuildFile; fileRef = B90DF5C3260432C300D171FE /* LocationManager.swift */; };
		B90DF5C92604393C00D171FE /* Landmark.swift in Sources */ = {isa = PBXBuildFile; fileRef = B90DF5C82604393C00D171FE /* Landmark.swift */; };
		B90DF5CD260439E800D171FE /* LandmarkAnnotation.swift in Sources */ = {isa = PBXBuildFile; fileRef = B90DF5CC260439E800D171FE /* LandmarkAnnotation.swift */; };
		B90DF5D426043D7100D171FE /* PlaceListView.swift in Sources */ = {isa = PBXBuildFile; fileRef = B90DF5D326043D7100D171FE /* PlaceListView.swift */; };
/* End PBXBuildFile section */

/* Begin PBXFileReference section */
		B90DF5A6260430B000D171FE /* NearMe.app */ = {isa = PBXFileReference; explicitFileType = wrapper.application; includeInIndex = 0; path = NearMe.app; sourceTree = BUILT_PRODUCTS_DIR; };
		B90DF5A9260430B000D171FE /* NearMeApp.swift */ = {isa = PBXFileReference; lastKnownFileType = sourcecode.swift; path = NearMeApp.swift; sourceTree = "<group>"; };
		B90DF5AB260430B000D171FE /* ContentView.swift */ = {isa = PBXFileReference; lastKnownFileType = sourcecode.swift; path = ContentView.swift; sourceTree = "<group>"; };
		B90DF5AD260430B200D171FE /* Assets.xcassets */ = {isa = PBXFileReference; lastKnownFileType = folder.assetcatalog; path = Assets.xcassets; sourceTree = "<group>"; };
		B90DF5B0260430B200D171FE /* Preview Assets.xcassets */ = {isa = PBXFileReference; lastKnownFileType = folder.assetcatalog; path = "Preview Assets.xcassets"; sourceTree = "<group>"; };
		B90DF5B2260430B200D171FE /* Info.plist */ = {isa = PBXFileReference; lastKnownFileType = text.plist.xml; path = Info.plist; sourceTree = "<group>"; };
		B90DF5BB260430E400D171FE /* MapView.swift */ = {isa = PBXFileReference; lastKnownFileType = sourcecode.swift; path = MapView.swift; sourceTree = "<group>"; };
		B90DF5C3260432C300D171FE /* LocationManager.swift */ = {isa = PBXFileReference; lastKnownFileType = sourcecode.swift; path = LocationManager.swift; sourceTree = "<group>"; };
		B90DF5C82604393C00D171FE /* Landmark.swift */ = {isa = PBXFileReference; lastKnownFileType = sourcecode.swift; path = Landmark.swift; sourceTree = "<group>"; };
		B90DF5CC260439E800D171FE /* LandmarkAnnotation.swift */ = {isa = PBXFileReference; lastKnownFileType = sourcecode.swift; path = LandmarkAnnotation.swift; sourceTree = "<group>"; };
		B90DF5D326043D7100D171FE /* PlaceListView.swift */ = {isa = PBXFileReference; lastKnownFileType = sourcecode.swift; path = PlaceListView.swift; sourceTree = "<group>"; };
/* End PBXFileReference section */

/* Begin PBXFrameworksBuildPhase section */
		B90DF5A3260430B000D171FE /* Frameworks */ = {
			isa = PBXFrameworksBuildPhase;
			buildActionMask = 2147483647;
			files = (
			);
			runOnlyForDeploymentPostprocessing = 0;
		};
/* End PBXFrameworksBuildPhase section */

/* Begin PBXGroup section */
		B90DF59D260430B000D171FE = {
			isa = PBXGroup;
			children = (
				B90DF5A8260430B000D171FE /* NearMe */,
				B90DF5A7260430B000D171FE /* Products */,
			);
			sourceTree = "<group>";
		};
		B90DF5A7260430B000D171FE /* Products */ = {
			isa = PBXGroup;
			children = (
				B90DF5A6260430B000D171FE /* NearMe.app */,
			);
			name = Products;
			sourceTree = "<group>";
		};
		B90DF5A8260430B000D171FE /* NearMe */ = {
			isa = PBXGroup;
			children = (
				B90DF5C72604392B00D171FE /* Models */,
				B90DF5C2260432B600D171FE /* Managers */,
				B90DF5B9260430CF00D171FE /* Views */,
				B90DF5A9260430B000D171FE /* NearMeApp.swift */,
				B90DF5AB260430B000D171FE /* ContentView.swift */,
				B90DF5AD260430B200D171FE /* Assets.xcassets */,
				B90DF5B2260430B200D171FE /* Info.plist */,
				B90DF5AF260430B200D171FE /* Preview Content */,
			);
			path = NearMe;
			sourceTree = "<group>";
		};
		B90DF5AF260430B200D171FE /* Preview Content */ = {
			isa = PBXGroup;
			children = (
				B90DF5B0260430B200D171FE /* Preview Assets.xcassets */,
			);
			path = "Preview Content";
			sourceTree = "<group>";
		};
		B90DF5B9260430CF00D171FE /* Views */ = {
			isa = PBXGroup;
			children = (
				B90DF5BB260430E400D171FE /* MapView.swift */,
				B90DF5D326043D7100D171FE /* PlaceListView.swift */,
			);
			path = Views;
			sourceTree = "<group>";
		};
		B90DF5C2260432B600D171FE /* Managers */ = {
			isa = PBXGroup;
			children = (
				B90DF5C3260432C300D171FE /* LocationManager.swift */,
			);
			path = Managers;
			sourceTree = "<group>";
		};
		B90DF5C72604392B00D171FE /* Models */ = {
			isa = PBXGroup;
			children = (
				B90DF5C82604393C00D171FE /* Landmark.swift */,
				B90DF5CC260439E800D171FE /* LandmarkAnnotation.swift */,
			);
			path = Models;
			sourceTree = "<group>";
		};
/* End PBXGroup section */

/* Begin PBXNativeTarget section */
		B90DF5A5260430B000D171FE /* NearMe */ = {
			isa = PBXNativeTarget;
			buildConfigurationList = B90DF5B5260430B200D171FE /* Build configuration list for PBXNativeTarget "NearMe" */;
			buildPhases = (
				B90DF5A2260430B000D171FE /* Sources */,
				B90DF5A3260430B000D171FE /* Frameworks */,
				B90DF5A4260430B000D171FE /* Resources */,
			);
			buildRules = (
			);
			dependencies = (
			);
			name = NearMe;
			productName = NearMe;
			productReference = B90DF5A6260430B000D171FE /* NearMe.app */;
			productType = "com.apple.product-type.application";
		};
/* End PBXNativeTarget section */

/* Begin PBXProject section */
		B90DF59E260430B000D171FE /* Project object */ = {
			isa = PBXProject;
			attributes = {
				LastSwiftUpdateCheck = 1240;
				LastUpgradeCheck = 1240;
				TargetAttributes = {
					B90DF5A5260430B000D171FE = {
						CreatedOnToolsVersion = 12.4;
					};
				};
			};
			buildConfigurationList = B90DF5A1260430B000D171FE /* Build configuration list for PBXProject "NearMe" */;
			compatibilityVersion = "Xcode 9.3";
			developmentRegion = en;
			hasScannedForEncodings = 0;
			knownRegions = (
				en,
				Base,
			);
			mainGroup = B90DF59D260430B000D171FE;
			productRefGroup = B90DF5A7260430B000D171FE /* Products */;
			projectDirPath = "";
			projectRoot = "";
			targets = (
				B90DF5A5260430B000D171FE /* NearMe */,
			);
		};
/* End PBXProject section */

/* Begin PBXResourcesBuildPhase section */
		B90DF5A4260430B000D171FE /* Resources */ = {
			isa = PBXResourcesBuildPhase;
			buildActionMask = 2147483647;
			files = (
				B90DF5B1260430B200D171FE /* Preview Assets.xcassets in Resources */,
				B90DF5AE260430B200D171FE /* Assets.xcassets in Resources */,
			);
			runOnlyForDeploymentPostprocessing = 0;
		};
/* End PBXResourcesBuildPhase section */

/* Begin PBXSourcesBuildPhase section */
		B90DF5A2260430B000D171FE /* Sources */ = {
			isa = PBXSourcesBuildPhase;
			buildActionMask = 2147483647;
			files = (
				B90DF5C4260432C300D171FE /* LocationManager.swift in Sources */,
				B90DF5AC260430B000D171FE /* ContentView.swift in Sources */,
				B90DF5CD260439E800D171FE /* LandmarkAnnotation.swift in Sources */,
				B90DF5BC260430E400D171FE /* MapView.swift in Sources */,
				B90DF5D426043D7100D171FE /* PlaceListView.swift in Sources */,
				B90DF5AA260430B000D171FE /* NearMeApp.swift in Sources */,
				B90DF5C92604393C00D171FE /* Landmark.swift in Sources */,
			);
			runOnlyForDeploymentPostprocessing = 0;
		};
/* End PBXSourcesBuildPhase section */

/* Begin XCBuildConfiguration section */
		B90DF5B3260430B200D171FE /* Debug */ = {
			isa = XCBuildConfiguration;
			buildSettings = {
				ALWAYS_SEARCH_USER_PATHS = NO;
				CLANG_ANALYZER_NONNULL = YES;
				CLANG_ANALYZER_NUMBER_OBJECT_CONVERSION = YES_AGGRESSIVE;
				CLANG_CXX_LANGUAGE_STANDARD = "gnu++14";
				CLANG_CXX_LIBRARY = "libc++";
				CLANG_ENABLE_MODULES = YES;
				CLANG_ENABLE_OBJC_ARC = YES;
				CLANG_ENABLE_OBJC_WEAK = YES;
				CLANG_WARN_BLOCK_CAPTURE_AUTORELEASING = YES;
				CLANG_WARN_BOOL_CONVERSION = YES;
				CLANG_WARN_COMMA = YES;
				CLANG_WARN_CONSTANT_CONVERSION = YES;
				CLANG_WARN_DEPRECATED_OBJC_IMPLEMENTATIONS = YES;
				CLANG_WARN_DIRECT_OBJC_ISA_USAGE = YES_ERROR;
				CLANG_WARN_DOCUMENTATION_COMMENTS = YES;
				CLANG_WARN_EMPTY_BODY = YES;
				CLANG_WARN_ENUM_CONVERSION = YES;
				CLANG_WARN_INFINITE_RECURSION = YES;
				CLANG_WARN_INT_CONVERSION = YES;
				CLANG_WARN_NON_LITERAL_NULL_CONVERSION = YES;
				CLANG_WARN_OBJC_IMPLICIT_RETAIN_SELF = YES;
				CLANG_WARN_OBJC_LITERAL_CONVERSION = YES;
				CLANG_WARN_OBJC_ROOT_CLASS = YES_ERROR;
				CLANG_WARN_QUOTED_INCLUDE_IN_FRAMEWORK_HEADER = YES;
				CLANG_WARN_RANGE_LOOP_ANALYSIS = YES;
				CLANG_WARN_STRICT_PROTOTYPES = YES;
				CLANG_WARN_SUSPICIOUS_MOVE = YES;
				CLANG_WARN_UNGUARDED_AVAILABILITY = YES_AGGRESSIVE;
				CLANG_WARN_UNREACHABLE_CODE = YES;
				CLANG_WARN__DUPLICATE_METHOD_MATCH = YES;
				COPY_PHASE_STRIP = NO;
				DEBUG_INFORMATION_FORMAT = dwarf;
				ENABLE_STRICT_OBJC_MSGSEND = YES;
				ENABLE_TESTABILITY = YES;
				GCC_C_LANGUAGE_STANDARD = gnu11;
				GCC_DYNAMIC_NO_PIC = NO;
				GCC_NO_COMMON_BLOCKS = YES;
				GCC_OPTIMIZATION_LEVEL = 0;
				GCC_PREPROCESSOR_DEFINITIONS = (
					"DEBUG=1",
					"$(inherited)",
				);
				GCC_WARN_64_TO_32_BIT_CONVERSION = YES;
				GCC_WARN_ABOUT_RETURN_TYPE = YES_ERROR;
				GCC_WARN_UNDECLARED_SELECTOR = YES;
				GCC_WARN_UNINITIALIZED_AUTOS = YES_AGGRESSIVE;
				GCC_WARN_UNUSED_FUNCTION = YES;
				GCC_WARN_UNUSED_VARIABLE = YES;
				IPHONEOS_DEPLOYMENT_TARGET = 14.4;
				MTL_ENABLE_DEBUG_INFO = INCLUDE_SOURCE;
				MTL_FAST_MATH = YES;
				ONLY_ACTIVE_ARCH = YES;
				SDKROOT = iphoneos;
				SWIFT_ACTIVE_COMPILATION_CONDITIONS = DEBUG;
				SWIFT_OPTIMIZATION_LEVEL = "-Onone";
			};
			name = Debug;
		};
		B90DF5B4260430B200D171FE /* Release */ = {
			isa = XCBuildConfiguration;
			buildSettings = {
				ALWAYS_SEARCH_USER_PATHS = NO;
				CLANG_ANALYZER_NONNULL = YES;
				CLANG_ANALYZER_NUMBER_OBJECT_CONVERSION = YES_AGGRESSIVE;
				CLANG_CXX_LANGUAGE_STANDARD = "gnu++14";
				CLANG_CXX_LIBRARY = "libc++";
				CLANG_ENABLE_MODULES = YES;
				CLANG_ENABLE_OBJC_ARC = YES;
				CLANG_ENABLE_OBJC_WEAK = YES;
				CLANG_WARN_BLOCK_CAPTURE_AUTORELEASING = YES;
				CLANG_WARN_BOOL_CONVERSION = YES;
				CLANG_WARN_COMMA = YES;
				CLANG_WARN_CONSTANT_CONVERSION = YES;
				CLANG_WARN_DEPRECATED_OBJC_IMPLEMENTATIONS = YES;
				CLANG_WARN_DIRECT_OBJC_ISA_USAGE = YES_ERROR;
				CLANG_WARN_DOCUMENTATION_COMMENTS = YES;
				CLANG_WARN_EMPTY_BODY = YES;
				CLANG_WARN_ENUM_CONVERSION = YES;
				CLANG_WARN_INFINITE_RECURSION = YES;
				CLANG_WARN_INT_CONVERSION = YES;
				CLANG_WARN_NON_LITERAL_NULL_CONVERSION = YES;
				CLANG_WARN_OBJC_IMPLICIT_RETAIN_SELF = YES;
				CLANG_WARN_OBJC_LITERAL_CONVERSION = YES;
				CLANG_WARN_OBJC_ROOT_CLASS = YES_ERROR;
				CLANG_WARN_QUOTED_INCLUDE_IN_FRAMEWORK_HEADER = YES;
				CLANG_WARN_RANGE_LOOP_ANALYSIS = YES;
				CLANG_WARN_STRICT_PROTOTYPES = YES;
				CLANG_WARN_SUSPICIOUS_MOVE = YES;
				CLANG_WARN_UNGUARDED_AVAILABILITY = YES_AGGRESSIVE;
				CLANG_WARN_UNREACHABLE_CODE = YES;
				CLANG_WARN__DUPLICATE_METHOD_MATCH = YES;
				COPY_PHASE_STRIP = NO;
				DEBUG_INFORMATION_FORMAT = "dwarf-with-dsym";
				ENABLE_NS_ASSERTIONS = NO;
				ENABLE_STRICT_OBJC_MSGSEND = YES;
				GCC_C_LANGUAGE_STANDARD = gnu11;
				GCC_NO_COMMON_BLOCKS = YES;
				GCC_WARN_64_TO_32_BIT_CONVERSION = YES;
				GCC_WARN_ABOUT_RETURN_TYPE = YES_ERROR;
				GCC_WARN_UNDECLARED_SELECTOR = YES;
				GCC_WARN_UNINITIALIZED_AUTOS = YES_AGGRESSIVE;
				GCC_WARN_UNUSED_FUNCTION = YES;
				GCC_WARN_UNUSED_VARIABLE = YES;
				IPHONEOS_DEPLOYMENT_TARGET = 14.4;
				MTL_ENABLE_DEBUG_INFO = NO;
				MTL_FAST_MATH = YES;
				SDKROOT = iphoneos;
				SWIFT_COMPILATION_MODE = wholemodule;
				SWIFT_OPTIMIZATION_LEVEL = "-O";
				VALIDATE_PRODUCT = YES;
			};
			name = Release;
		};
		B90DF5B6260430B200D171FE /* Debug */ = {
			isa = XCBuildConfiguration;
			buildSettings = {
				ASSETCATALOG_COMPILER_APPICON_NAME = AppIcon;
				ASSETCATALOG_COMPILER_GLOBAL_ACCENT_COLOR_NAME = AccentColor;
				CODE_SIGN_STYLE = Automatic;
				DEVELOPMENT_ASSET_PATHS = "\"NearMe/Preview Content\"";
				DEVELOPMENT_TEAM = MG77MU456K;
				ENABLE_PREVIEWS = YES;
				INFOPLIST_FILE = NearMe/Info.plist;
				IPHONEOS_DEPLOYMENT_TARGET = 14.0;
				LD_RUNPATH_SEARCH_PATHS = (
					"$(inherited)",
					"@executable_path/Frameworks",
				);
				PRODUCT_BUNDLE_IDENTIFIER = com.swiftuimasterclass.NearMe;
				PRODUCT_NAME = "$(TARGET_NAME)";
				SWIFT_VERSION = 5.0;
				TARGETED_DEVICE_FAMILY = "1,2";
			};
			name = Debug;
		};
		B90DF5B7260430B200D171FE /* Release */ = {
			isa = XCBuildConfiguration;
			buildSettings = {
				ASSETCATALOG_COMPILER_APPICON_NAME = AppIcon;
				ASSETCATALOG_COMPILER_GLOBAL_ACCENT_COLOR_NAME = AccentColor;
				CODE_SIGN_STYLE = Automatic;
				DEVELOPMENT_ASSET_PATHS = "\"NearMe/Preview Content\"";
				DEVELOPMENT_TEAM = MG77MU456K;
				ENABLE_PREVIEWS = YES;
				INFOPLIST_FILE = NearMe/Info.plist;
				IPHONEOS_DEPLOYMENT_TARGET = 14.0;
				LD_RUNPATH_SEARCH_PATHS = (
					"$(inherited)",
					"@executable_path/Frameworks",
				);
				PRODUCT_BUNDLE_IDENTIFIER = com.swiftuimasterclass.NearMe;
				PRODUCT_NAME = "$(TARGET_NAME)";
				SWIFT_VERSION = 5.0;
				TARGETED_DEVICE_FAMILY = "1,2";
			};
			name = Release;
		};
/* End XCBuildConfiguration section */

/* Begin XCConfigurationList section */
		B90DF5A1260430B000D171FE /* Build configuration list for PBXProject "NearMe" */ = {
			isa = XCConfigurationList;
			buildConfigurations = (
				B90DF5B3260430B200D171FE /* Debug */,
				B90DF5B4260430B200D171FE /* Release */,
			);
			defaultConfigurationIsVisible = 0;
			defaultConfigurationName = Release;
		};
		B90DF5B5260430B200D171FE /* Build configuration list for PBXNativeTarget "NearMe" */ = {
			isa = XCConfigurationList;
			buildConfigurations = (
				B90DF5B6260430B200D171FE /* Debug */,
				B90DF5B7260430B200D171FE /* Release */,
			);
			defaultConfigurationIsVisible = 0;
			defaultConfigurationName = Release;
		};
/* End XCConfigurationList section */
	};
	rootObject = B90DF59E260430B000D171FE /* Project object */;
}
